{
  "name": "belajar-npm",
  "version": "1.0.0",
  "lockfileVersion": 2,
  "requires": true,
  "packages": {
    "": {
      "name": "belajar-npm",
      "version": "1.0.0",
      "license": "ISC",
      "dependencies": {
        "belajar-npm-library": "^1.0.0",
        "lodash": "3.6.x"
      },
      "devDependencies": {
        "moment": "^2.29.3"
      }
    },
    "node_modules/belajar-npm-library": {
      "version": "1.0.0",
      "resolved": "https://registry.npmjs.org/belajar-npm-library/-/belajar-npm-library-1.0.0.tgz",
      "integrity": "sha512-r/zI/zyLxGwgwHgbHt9c0jURVq5ysS6O/HcU3qduFpoC9wYnVwUe0ZIKZYzIY+9bJgDT7KYpP7+TAH3LWpEtyg=="
    },
    "node_modules/lodash": {
      "version": "3.6.0",
      "resolved": "https://registry.npmjs.org/lodash/-/lodash-3.6.0.tgz",
      "integrity": "sha512-fysFKsJtaOtRGZT/b3Xx03iyEmO0zjU+d1HBH5NcEaUjtg7XO0wDY5I7IJFfr2rguJt0Rve2V32426Za3zYyRw=="
    },
    "node_modules/moment": {
      "version": "2.29.4",
      "resolved": "https://registry.npmjs.org/moment/-/moment-2.29.4.tgz",
      "integrity": "sha512-5LC9SOxjSc2HF6vO2CyuTDNivEdoz2IvyJJGj6X8DJ0eFyfszE0QiEd+iXmBvUP3WHxSjFH/vIsA0EN00cgr8w==",
      "dev": true,
      "engines": {
        "node": "*"
      }
    }
  },
  "dependencies": {
    "belajar-npm-library": {
      "version": "1.0.0",
      "resolved": "https://registry.npmjs.org/belajar-npm-library/-/belajar-npm-library-1.0.0.tgz",
      "integrity": "sha512-r/zI/zyLxGwgwHgbHt9c0jURVq5ysS6O/HcU3qduFpoC9wYnVwUe0ZIKZYzIY+9bJgDT7KYpP7+TAH3LWpEtyg=="
    },
    "lodash": {
      "version": "3.6.0",
      "resolved": "https://registry.npmjs.org/lodash/-/lodash-3.6.0.tgz",
      "integrity": "sha512-fysFKsJtaOtRGZT/b3Xx03iyEmO0zjU+d1HBH5NcEaUjtg7XO0wDY5I7IJFfr2rguJt0Rve2V32426Za3zYyRw=="
    },
    "moment": {
      "version": "2.29.4",
      "resolved": "https://registry.npmjs.org/moment/-/moment-2.29.4.tgz",
      "integrity": "sha512-5LC9SOxjSc2HF6vO2CyuTDNivEdoz2IvyJJGj6X8DJ0eFyfszE0QiEd+iXmBvUP3WHxSjFH/vIsA0EN00cgr8w==",
      "dev": true
    }
  }
}
